
Microsoft Visual Studio Solution File, Format Version 12.00
# Visual Studio 15
VisualStudioVersion = 15.0.27703.2042
MinimumVisualStudioVersion = 10.0.40219.1
Project("{FAE04EC0-301F-11D3-BF4B-00C04F79EFBC}") = "FeatherBoardToTheCloud.Android", "FeatherBoardToTheCloud\FeatherBoardToTheCloud.Android\FeatherBoardToTheCloud.Android.csproj", "{BF60D371-8AC1-4BBC-BCE0-1E22589EBF8C}"
EndProject
Project("{FAE04EC0-301F-11D3-BF4B-00C04F79EFBC}") = "FeatherBoardToTheCloud.iOS", "FeatherBoardToTheCloud\FeatherBoardToTheCloud.iOS\FeatherBoardToTheCloud.iOS.csproj", "{F1EEF5E1-5936-493F-B593-EA7130A76FDB}"
EndProject
Project("{FAE04EC0-301F-11D3-BF4B-00C04F79EFBC}") = "FeatherBoardToTheCloud.UWP", "FeatherBoardToTheCloud\FeatherBoardToTheCloud.UWP\FeatherBoardToTheCloud.UWP.csproj", "{BB03341D-61C5-48E1-A988-738A59EF4111}"
EndProject
Project("{FAE04EC0-301F-11D3-BF4B-00C04F79EFBC}") = "FeatherBoardToTheCloud", "FeatherBoardToTheCloud\FeatherBoardToTheCloud\FeatherBoardToTheCloud.csproj", "{CEF20F52-BEF4-4FCA-964A-0A7B05E09436}"
EndProject
Global
	GlobalSection(SolutionConfigurationPlatforms) = preSolution
		Ad-Hoc|Any CPU = Ad-Hoc|Any CPU
		Ad-Hoc|ARM = Ad-Hoc|ARM
		Ad-Hoc|iPhone = Ad-Hoc|iPhone
		Ad-Hoc|iPhoneSimulator = Ad-Hoc|iPhoneSimulator
		Ad-Hoc|x64 = Ad-Hoc|x64
		Ad-Hoc|x86 = Ad-Hoc|x86
		AppStore|Any CPU = AppStore|Any CPU
		AppStore|ARM = AppStore|ARM
		AppStore|iPhone = AppStore|iPhone
		AppStore|iPhoneSimulator = AppStore|iPhoneSimulator
		AppStore|x64 = AppStore|x64
		AppStore|x86 = AppStore|x86
		Debug|Any CPU = Debug|Any CPU
		Debug|ARM = Debug|ARM
		Debug|iPhone = Debug|iPhone
		Debug|iPhoneSimulator = Debug|iPhoneSimulator
		Debug|x64 = Debug|x64
		Debug|x86 = Debug|x86
		Release|Any CPU = Release|Any CPU
		Release|ARM = Release|ARM
		Release|iPhone = Release|iPhone
		Release|iPhoneSimulator = Release|iPhoneSimulator
		Release|x64 = Release|x64
		Release|x86 = Release|x86
	EndGlobalSection
	GlobalSection(ProjectConfigurationPlatforms) = postSolution
		{BF60D371-8AC1-4BBC-BCE0-1E22589EBF8C}.Ad-Hoc|Any CPU.ActiveCfg = Release|Any CPU
		{BF60D371-8AC1-4BBC-BCE0-1E22589EBF8C}.Ad-Hoc|Any CPU.Build.0 = Release|Any CPU
		{BF60D371-8AC1-4BBC-BCE0-1E22589EBF8C}.Ad-Hoc|Any CPU.Deploy.0 = Release|Any CPU
		{BF60D371-8AC1-4BBC-BCE0-1E22589EBF8C}.Ad-Hoc|ARM.ActiveCfg = Release|Any CPU
		{BF60D371-8AC1-4BBC-BCE0-1E22589EBF8C}.Ad-Hoc|ARM.Build.0 = Release|Any CPU
		{BF60D371-8AC1-4BBC-BCE0-1E22589EBF8C}.Ad-Hoc|ARM.Deploy.0 = Release|Any CPU
		{BF60D371-8AC1-4BBC-BCE0-1E22589EBF8C}.Ad-Hoc|iPhone.ActiveCfg = Release|Any CPU
		{BF60D371-8AC1-4BBC-BCE0-1E22589EBF8C}.Ad-Hoc|iPhone.Build.0 = Release|Any CPU
		{BF60D371-8AC1-4BBC-BCE0-1E22589EBF8C}.Ad-Hoc|iPhone.Deploy.0 = Release|Any CPU
		{BF60D371-8AC1-4BBC-BCE0-1E22589EBF8C}.Ad-Hoc|iPhoneSimulator.ActiveCfg = Release|Any CPU
		{BF60D371-8AC1-4BBC-BCE0-1E22589EBF8C}.Ad-Hoc|iPhoneSimulator.Build.0 = Release|Any CPU
		{BF60D371-8AC1-4BBC-BCE0-1E22589EBF8C}.Ad-Hoc|iPhoneSimulator.Deploy.0 = Release|Any CPU
		{BF60D371-8AC1-4BBC-BCE0-1E22589EBF8C}.Ad-Hoc|x64.ActiveCfg = Release|Any CPU
		{BF60D371-8AC1-4BBC-BCE0-1E22589EBF8C}.Ad-Hoc|x64.Build.0 = Release|Any CPU
		{BF60D371-8AC1-4BBC-BCE0-1E22589EBF8C}.Ad-Hoc|x64.Deploy.0 = Release|Any CPU
		{BF60D371-8AC1-4BBC-BCE0-1E22589EBF8C}.Ad-Hoc|x86.ActiveCfg = Release|Any CPU
		{BF60D371-8AC1-4BBC-BCE0-1E22589EBF8C}.Ad-Hoc|x86.Build.0 = Release|Any CPU
		{BF60D371-8AC1-4BBC-BCE0-1E22589EBF8C}.Ad-Hoc|x86.Deploy.0 = Release|Any CPU
		{BF60D371-8AC1-4BBC-BCE0-1E22589EBF8C}.AppStore|Any CPU.ActiveCfg = Release|Any CPU
		{BF60D371-8AC1-4BBC-BCE0-1E22589EBF8C}.AppStore|Any CPU.Build.0 = Release|Any CPU
		{BF60D371-8AC1-4BBC-BCE0-1E22589EBF8C}.AppStore|Any CPU.Deploy.0 = Release|Any CPU
		{BF60D371-8AC1-4BBC-BCE0-1E22589EBF8C}.AppStore|ARM.ActiveCfg = Release|Any CPU
		{BF60D371-8AC1-4BBC-BCE0-1E22589EBF8C}.AppStore|ARM.Build.0 = Release|Any CPU
		{BF60D371-8AC1-4BBC-BCE0-1E22589EBF8C}.AppStore|ARM.Deploy.0 = Release|Any CPU
		{BF60D371-8AC1-4BBC-BCE0-1E22589EBF8C}.AppStore|iPhone.ActiveCfg = Release|Any CPU
		{BF60D371-8AC1-4BBC-BCE0-1E22589EBF8C}.AppStore|iPhone.Build.0 = Release|Any CPU
		{BF60D371-8AC1-4BBC-BCE0-1E22589EBF8C}.AppStore|iPhone.Deploy.0 = Release|Any CPU
		{BF60D371-8AC1-4BBC-BCE0-1E22589EBF8C}.AppStore|iPhoneSimulator.ActiveCfg = Release|Any CPU
		{BF60D371-8AC1-4BBC-BCE0-1E22589EBF8C}.AppStore|iPhoneSimulator.Build.0 = Release|Any CPU
		{BF60D371-8AC1-4BBC-BCE0-1E22589EBF8C}.AppStore|iPhoneSimulator.Deploy.0 = Release|Any CPU
		{BF60D371-8AC1-4BBC-BCE0-1E22589EBF8C}.AppStore|x64.ActiveCfg = Release|Any CPU
		{BF60D371-8AC1-4BBC-BCE0-1E22589EBF8C}.AppStore|x64.Build.0 = Release|Any CPU
		{BF60D371-8AC1-4BBC-BCE0-1E22589EBF8C}.AppStore|x64.Deploy.0 = Release|Any CPU
		{BF60D371-8AC1-4BBC-BCE0-1E22589EBF8C}.AppStore|x86.ActiveCfg = Release|Any CPU
		{BF60D371-8AC1-4BBC-BCE0-1E22589EBF8C}.AppStore|x86.Build.0 = Release|Any CPU
		{BF60D371-8AC1-4BBC-BCE0-1E22589EBF8C}.AppStore|x86.Deploy.0 = Release|Any CPU
		{BF60D371-8AC1-4BBC-BCE0-1E22589EBF8C}.Debug|Any CPU.ActiveCfg = Debug|Any CPU
		{BF60D371-8AC1-4BBC-BCE0-1E22589EBF8C}.Debug|Any CPU.Build.0 = Debug|Any CPU
		{BF60D371-8AC1-4BBC-BCE0-1E22589EBF8C}.Debug|Any CPU.Deploy.0 = Debug|Any CPU
		{BF60D371-8AC1-4BBC-BCE0-1E22589EBF8C}.Debug|ARM.ActiveCfg = Debug|Any CPU
		{BF60D371-8AC1-4BBC-BCE0-1E22589EBF8C}.Debug|ARM.Build.0 = Debug|Any CPU
		{BF60D371-8AC1-4BBC-BCE0-1E22589EBF8C}.Debug|ARM.Deploy.0 = Debug|Any CPU
		{BF60D371-8AC1-4BBC-BCE0-1E22589EBF8C}.Debug|iPhone.ActiveCfg = Debug|Any CPU
		{BF60D371-8AC1-4BBC-BCE0-1E22589EBF8C}.Debug|iPhone.Build.0 = Debug|Any CPU
		{BF60D371-8AC1-4BBC-BCE0-1E22589EBF8C}.Debug|iPhone.Deploy.0 = Debug|Any CPU
		{BF60D371-8AC1-4BBC-BCE0-1E22589EBF8C}.Debug|iPhoneSimulator.ActiveCfg = Debug|Any CPU
		{BF60D371-8AC1-4BBC-BCE0-1E22589EBF8C}.Debug|iPhoneSimulator.Build.0 = Debug|Any CPU
		{BF60D371-8AC1-4BBC-BCE0-1E22589EBF8C}.Debug|iPhoneSimulator.Deploy.0 = Debug|Any CPU
		{BF60D371-8AC1-4BBC-BCE0-1E22589EBF8C}.Debug|x64.ActiveCfg = Debug|Any CPU
		{BF60D371-8AC1-4BBC-BCE0-1E22589EBF8C}.Debug|x64.Build.0 = Debug|Any CPU
		{BF60D371-8AC1-4BBC-BCE0-1E22589EBF8C}.Debug|x64.Deploy.0 = Debug|Any CPU
		{BF60D371-8AC1-4BBC-BCE0-1E22589EBF8C}.Debug|x86.ActiveCfg = Debug|Any CPU
		{BF60D371-8AC1-4BBC-BCE0-1E22589EBF8C}.Debug|x86.Build.0 = Debug|Any CPU
		{BF60D371-8AC1-4BBC-BCE0-1E22589EBF8C}.Debug|x86.Deploy.0 = Debug|Any CPU
		{BF60D371-8AC1-4BBC-BCE0-1E22589EBF8C}.Release|Any CPU.ActiveCfg = Release|Any CPU
		{BF60D371-8AC1-4BBC-BCE0-1E22589EBF8C}.Release|Any CPU.Build.0 = Release|Any CPU
		{BF60D371-8AC1-4BBC-BCE0-1E22589EBF8C}.Release|Any CPU.Deploy.0 = Release|Any CPU
		{BF60D371-8AC1-4BBC-BCE0-1E22589EBF8C}.Release|ARM.ActiveCfg = Release|Any CPU
		{BF60D371-8AC1-4BBC-BCE0-1E22589EBF8C}.Release|ARM.Build.0 = Release|Any CPU
		{BF60D371-8AC1-4BBC-BCE0-1E22589EBF8C}.Release|ARM.Deploy.0 = Release|Any CPU
		{BF60D371-8AC1-4BBC-BCE0-1E22589EBF8C}.Release|iPhone.ActiveCfg = Release|Any CPU
		{BF60D371-8AC1-4BBC-BCE0-1E22589EBF8C}.Release|iPhone.Build.0 = Release|Any CPU
		{BF60D371-8AC1-4BBC-BCE0-1E22589EBF8C}.Release|iPhone.Deploy.0 = Release|Any CPU
		{BF60D371-8AC1-4BBC-BCE0-1E22589EBF8C}.Release|iPhoneSimulator.ActiveCfg = Release|Any CPU
		{BF60D371-8AC1-4BBC-BCE0-1E22589EBF8C}.Release|iPhoneSimulator.Build.0 = Release|Any CPU
		{BF60D371-8AC1-4BBC-BCE0-1E22589EBF8C}.Release|iPhoneSimulator.Deploy.0 = Release|Any CPU
		{BF60D371-8AC1-4BBC-BCE0-1E22589EBF8C}.Release|x64.ActiveCfg = Release|Any CPU
		{BF60D371-8AC1-4BBC-BCE0-1E22589EBF8C}.Release|x64.Build.0 = Release|Any CPU
		{BF60D371-8AC1-4BBC-BCE0-1E22589EBF8C}.Release|x64.Deploy.0 = Release|Any CPU
		{BF60D371-8AC1-4BBC-BCE0-1E22589EBF8C}.Release|x86.ActiveCfg = Release|Any CPU
		{BF60D371-8AC1-4BBC-BCE0-1E22589EBF8C}.Release|x86.Build.0 = Release|Any CPU
		{BF60D371-8AC1-4BBC-BCE0-1E22589EBF8C}.Release|x86.Deploy.0 = Release|Any CPU
		{F1EEF5E1-5936-493F-B593-EA7130A76FDB}.Ad-Hoc|Any CPU.ActiveCfg = Ad-Hoc|iPhone
		{F1EEF5E1-5936-493F-B593-EA7130A76FDB}.Ad-Hoc|Any CPU.Build.0 = Ad-Hoc|iPhone
		{F1EEF5E1-5936-493F-B593-EA7130A76FDB}.Ad-Hoc|Any CPU.Deploy.0 = Ad-Hoc|iPhone
		{F1EEF5E1-5936-493F-B593-EA7130A76FDB}.Ad-Hoc|ARM.ActiveCfg = Ad-Hoc|iPhone
		{F1EEF5E1-5936-493F-B593-EA7130A76FDB}.Ad-Hoc|ARM.Build.0 = Ad-Hoc|iPhone
		{F1EEF5E1-5936-493F-B593-EA7130A76FDB}.Ad-Hoc|ARM.Deploy.0 = Ad-Hoc|iPhone
		{F1EEF5E1-5936-493F-B593-EA7130A76FDB}.Ad-Hoc|iPhone.ActiveCfg = Ad-Hoc|iPhone
		{F1EEF5E1-5936-493F-B593-EA7130A76FDB}.Ad-Hoc|iPhone.Build.0 = Ad-Hoc|iPhone
		{F1EEF5E1-5936-493F-B593-EA7130A76FDB}.Ad-Hoc|iPhone.Deploy.0 = Ad-Hoc|iPhone
		{F1EEF5E1-5936-493F-B593-EA7130A76FDB}.Ad-Hoc|iPhoneSimulator.ActiveCfg = Ad-Hoc|iPhoneSimulator
		{F1EEF5E1-5936-493F-B593-EA7130A76FDB}.Ad-Hoc|iPhoneSimulator.Build.0 = Ad-Hoc|iPhoneSimulator
		{F1EEF5E1-5936-493F-B593-EA7130A76FDB}.Ad-Hoc|iPhoneSimulator.Deploy.0 = Ad-Hoc|iPhoneSimulator
		{F1EEF5E1-5936-493F-B593-EA7130A76FDB}.Ad-Hoc|x64.ActiveCfg = Ad-Hoc|iPhone
		{F1EEF5E1-5936-493F-B593-EA7130A76FDB}.Ad-Hoc|x64.Build.0 = Ad-Hoc|iPhone
		{F1EEF5E1-5936-493F-B593-EA7130A76FDB}.Ad-Hoc|x64.Deploy.0 = Ad-Hoc|iPhone
		{F1EEF5E1-5936-493F-B593-EA7130A76FDB}.Ad-Hoc|x86.ActiveCfg = Ad-Hoc|iPhone
		{F1EEF5E1-5936-493F-B593-EA7130A76FDB}.Ad-Hoc|x86.Build.0 = Ad-Hoc|iPhone
		{F1EEF5E1-5936-493F-B593-EA7130A76FDB}.Ad-Hoc|x86.Deploy.0 = Ad-Hoc|iPhone
		{F1EEF5E1-5936-493F-B593-EA7130A76FDB}.AppStore|Any CPU.ActiveCfg = AppStore|iPhone
		{F1EEF5E1-5936-493F-B593-EA7130A76FDB}.AppStore|Any CPU.Build.0 = AppStore|iPhone
		{F1EEF5E1-5936-493F-B593-EA7130A76FDB}.AppStore|Any CPU.Deploy.0 = AppStore|iPhone
		{F1EEF5E1-5936-493F-B593-EA7130A76FDB}.AppStore|ARM.ActiveCfg = AppStore|iPhone
		{F1EEF5E1-5936-493F-B593-EA7130A76FDB}.AppStore|ARM.Build.0 = AppStore|iPhone
		{F1EEF5E1-5936-493F-B593-EA7130A76FDB}.AppStore|ARM.Deploy.0 = AppStore|iPhone
		{F1EEF5E1-5936-493F-B593-EA7130A76FDB}.AppStore|iPhone.ActiveCfg = AppStore|iPhone
		{F1EEF5E1-5936-493F-B593-EA7130A76FDB}.AppStore|iPhone.Build.0 = AppStore|iPhone
		{F1EEF5E1-5936-493F-B593-EA7130A76FDB}.AppStore|iPhone.Deploy.0 = AppStore|iPhone
		{F1EEF5E1-5936-493F-B593-EA7130A76FDB}.AppStore|iPhoneSimulator.ActiveCfg = AppStore|iPhoneSimulator
		{F1EEF5E1-5936-493F-B593-EA7130A76FDB}.AppStore|iPhoneSimulator.Build.0 = AppStore|iPhoneSimulator
		{F1EEF5E1-5936-493F-B593-EA7130A76FDB}.AppStore|iPhoneSimulator.Deploy.0 = AppStore|iPhoneSimulator
		{F1EEF5E1-5936-493F-B593-EA7130A76FDB}.AppStore|x64.ActiveCfg = AppStore|iPhone
		{F1EEF5E1-5936-493F-B593-EA7130A76FDB}.AppStore|x64.Build.0 = AppStore|iPhone
		{F1EEF5E1-5936-493F-B593-EA7130A76FDB}.AppStore|x64.Deploy.0 = AppStore|iPhone
		{F1EEF5E1-5936-493F-B593-EA7130A76FDB}.AppStore|x86.ActiveCfg = AppStore|iPhone
		{F1EEF5E1-5936-493F-B593-EA7130A76FDB}.AppStore|x86.Build.0 = AppStore|iPhone
		{F1EEF5E1-5936-493F-B593-EA7130A76FDB}.AppStore|x86.Deploy.0 = AppStore|iPhone
		{F1EEF5E1-5936-493F-B593-EA7130A76FDB}.Debug|Any CPU.ActiveCfg = Debug|iPhoneSimulator
		{F1EEF5E1-5936-493F-B593-EA7130A76FDB}.Debug|Any CPU.Build.0 = Debug|iPhoneSimulator
		{F1EEF5E1-5936-493F-B593-EA7130A76FDB}.Debug|Any CPU.Deploy.0 = Debug|iPhoneSimulator
		{F1EEF5E1-5936-493F-B593-EA7130A76FDB}.Debug|ARM.ActiveCfg = Debug|iPhone
		{F1EEF5E1-5936-493F-B593-EA7130A76FDB}.Debug|ARM.Build.0 = Debug|iPhone
		{F1EEF5E1-5936-493F-B593-EA7130A76FDB}.Debug|ARM.Deploy.0 = Debug|iPhone
		{F1EEF5E1-5936-493F-B593-EA7130A76FDB}.Debug|iPhone.ActiveCfg = Debug|iPhone
		{F1EEF5E1-5936-493F-B593-EA7130A76FDB}.Debug|iPhone.Build.0 = Debug|iPhone
		{F1EEF5E1-5936-493F-B593-EA7130A76FDB}.Debug|iPhone.Deploy.0 = Debug|iPhone
		{F1EEF5E1-5936-493F-B593-EA7130A76FDB}.Debug|iPhoneSimulator.ActiveCfg = Debug|iPhoneSimulator
		{F1EEF5E1-5936-493F-B593-EA7130A76FDB}.Debug|iPhoneSimulator.Build.0 = Debug|iPhoneSimulator
		{F1EEF5E1-5936-493F-B593-EA7130A76FDB}.Debug|iPhoneSimulator.Deploy.0 = Debug|iPhoneSimulator
		{F1EEF5E1-5936-493F-B593-EA7130A76FDB}.Debug|x64.ActiveCfg = Debug|iPhone
		{F1EEF5E1-5936-493F-B593-EA7130A76FDB}.Debug|x64.Build.0 = Debug|iPhone
		{F1EEF5E1-5936-493F-B593-EA7130A76FDB}.Debug|x64.Deploy.0 = Debug|iPhone
		{F1EEF5E1-5936-493F-B593-EA7130A76FDB}.Debug|x86.ActiveCfg = Debug|iPhone
		{F1EEF5E1-5936-493F-B593-EA7130A76FDB}.Debug|x86.Build.0 = Debug|iPhone
		{F1EEF5E1-5936-493F-B593-EA7130A76FDB}.Debug|x86.Deploy.0 = Debug|iPhone
		{F1EEF5E1-5936-493F-B593-EA7130A76FDB}.Release|Any CPU.ActiveCfg = Release|iPhone
		{F1EEF5E1-5936-493F-B593-EA7130A76FDB}.Release|Any CPU.Build.0 = Release|iPhone
		{F1EEF5E1-5936-493F-B593-EA7130A76FDB}.Release|Any CPU.Deploy.0 = Release|iPhone
		{F1EEF5E1-5936-493F-B593-EA7130A76FDB}.Release|ARM.ActiveCfg = Release|iPhone
		{F1EEF5E1-5936-493F-B593-EA7130A76FDB}.Release|ARM.Build.0 = Release|iPhone
		{F1EEF5E1-5936-493F-B593-EA7130A76FDB}.Release|ARM.Deploy.0 = Release|iPhone
		{F1EEF5E1-5936-493F-B593-EA7130A76FDB}.Release|iPhone.ActiveCfg = Release|iPhone
		{F1EEF5E1-5936-493F-B593-EA7130A76FDB}.Release|iPhone.Build.0 = Release|iPhone
		{F1EEF5E1-5936-493F-B593-EA7130A76FDB}.Release|iPhone.Deploy.0 = Release|iPhone
		{F1EEF5E1-5936-493F-B593-EA7130A76FDB}.Release|iPhoneSimulator.ActiveCfg = Release|iPhoneSimulator
		{F1EEF5E1-5936-493F-B593-EA7130A76FDB}.Release|iPhoneSimulator.Build.0 = Release|iPhoneSimulator
		{F1EEF5E1-5936-493F-B593-EA7130A76FDB}.Release|iPhoneSimulator.Deploy.0 = Release|iPhoneSimulator
		{F1EEF5E1-5936-493F-B593-EA7130A76FDB}.Release|x64.ActiveCfg = Release|iPhone
		{F1EEF5E1-5936-493F-B593-EA7130A76FDB}.Release|x64.Build.0 = Release|iPhone
		{F1EEF5E1-5936-493F-B593-EA7130A76FDB}.Release|x64.Deploy.0 = Release|iPhone
		{F1EEF5E1-5936-493F-B593-EA7130A76FDB}.Release|x86.ActiveCfg = Release|iPhone
		{F1EEF5E1-5936-493F-B593-EA7130A76FDB}.Release|x86.Build.0 = Release|iPhone
		{F1EEF5E1-5936-493F-B593-EA7130A76FDB}.Release|x86.Deploy.0 = Release|iPhone
		{BB03341D-61C5-48E1-A988-738A59EF4111}.Ad-Hoc|Any CPU.ActiveCfg = Release|x86
		{BB03341D-61C5-48E1-A988-738A59EF4111}.Ad-Hoc|Any CPU.Build.0 = Release|x86
		{BB03341D-61C5-48E1-A988-738A59EF4111}.Ad-Hoc|Any CPU.Deploy.0 = Release|x86
		{BB03341D-61C5-48E1-A988-738A59EF4111}.Ad-Hoc|ARM.ActiveCfg = Release|ARM
		{BB03341D-61C5-48E1-A988-738A59EF4111}.Ad-Hoc|ARM.Build.0 = Release|ARM
		{BB03341D-61C5-48E1-A988-738A59EF4111}.Ad-Hoc|ARM.Deploy.0 = Release|ARM
		{BB03341D-61C5-48E1-A988-738A59EF4111}.Ad-Hoc|iPhone.ActiveCfg = Release|x86
		{BB03341D-61C5-48E1-A988-738A59EF4111}.Ad-Hoc|iPhone.Build.0 = Release|x86
		{BB03341D-61C5-48E1-A988-738A59EF4111}.Ad-Hoc|iPhone.Deploy.0 = Release|x86
		{BB03341D-61C5-48E1-A988-738A59EF4111}.Ad-Hoc|iPhoneSimulator.ActiveCfg = Release|x86
		{BB03341D-61C5-48E1-A988-738A59EF4111}.Ad-Hoc|iPhoneSimulator.Build.0 = Release|x86
		{BB03341D-61C5-48E1-A988-738A59EF4111}.Ad-Hoc|iPhoneSimulator.Deploy.0 = Release|x86
		{BB03341D-61C5-48E1-A988-738A59EF4111}.Ad-Hoc|x64.ActiveCfg = Release|x64
		{BB03341D-61C5-48E1-A988-738A59EF4111}.Ad-Hoc|x64.Build.0 = Release|x64
		{BB03341D-61C5-48E1-A988-738A59EF4111}.Ad-Hoc|x64.Deploy.0 = Release|x64
		{BB03341D-61C5-48E1-A988-738A59EF4111}.Ad-Hoc|x86.ActiveCfg = Release|x86
		{BB03341D-61C5-48E1-A988-738A59EF4111}.Ad-Hoc|x86.Build.0 = Release|x86
		{BB03341D-61C5-48E1-A988-738A59EF4111}.Ad-Hoc|x86.Deploy.0 = Release|x86
		{BB03341D-61C5-48E1-A988-738A59EF4111}.AppStore|Any CPU.ActiveCfg = Release|x86
		{BB03341D-61C5-48E1-A988-738A59EF4111}.AppStore|Any CPU.Build.0 = Release|x86
		{BB03341D-61C5-48E1-A988-738A59EF4111}.AppStore|Any CPU.Deploy.0 = Release|x86
		{BB03341D-61C5-48E1-A988-738A59EF4111}.AppStore|ARM.ActiveCfg = Release|ARM
		{BB03341D-61C5-48E1-A988-738A59EF4111}.AppStore|ARM.Build.0 = Release|ARM
		{BB03341D-61C5-48E1-A988-738A59EF4111}.AppStore|ARM.Deploy.0 = Release|ARM
		{BB03341D-61C5-48E1-A988-738A59EF4111}.AppStore|iPhone.ActiveCfg = Release|x86
		{BB03341D-61C5-48E1-A988-738A59EF4111}.AppStore|iPhone.Build.0 = Release|x86
		{BB03341D-61C5-48E1-A988-738A59EF4111}.AppStore|iPhone.Deploy.0 = Release|x86
		{BB03341D-61C5-48E1-A988-738A59EF4111}.AppStore|iPhoneSimulator.ActiveCfg = Release|x86
		{BB03341D-61C5-48E1-A988-738A59EF4111}.AppStore|iPhoneSimulator.Build.0 = Release|x86
		{BB03341D-61C5-48E1-A988-738A59EF4111}.AppStore|iPhoneSimulator.Deploy.0 = Release|x86
		{BB03341D-61C5-48E1-A988-738A59EF4111}.AppStore|x64.ActiveCfg = Release|x64
		{BB03341D-61C5-48E1-A988-738A59EF4111}.AppStore|x64.Build.0 = Release|x64
		{BB03341D-61C5-48E1-A988-738A59EF4111}.AppStore|x64.Deploy.0 = Release|x64
		{BB03341D-61C5-48E1-A988-738A59EF4111}.AppStore|x86.ActiveCfg = Release|x86
		{BB03341D-61C5-48E1-A988-738A59EF4111}.AppStore|x86.Build.0 = Release|x86
		{BB03341D-61C5-48E1-A988-738A59EF4111}.AppStore|x86.Deploy.0 = Release|x86
		{BB03341D-61C5-48E1-A988-738A59EF4111}.Debug|Any CPU.ActiveCfg = Debug|x86
		{BB03341D-61C5-48E1-A988-738A59EF4111}.Debug|Any CPU.Build.0 = Debug|x86
		{BB03341D-61C5-48E1-A988-738A59EF4111}.Debug|Any CPU.Deploy.0 = Debug|x86
		{BB03341D-61C5-48E1-A988-738A59EF4111}.Debug|ARM.ActiveCfg = Debug|ARM
		{BB03341D-61C5-48E1-A988-738A59EF4111}.Debug|ARM.Build.0 = Debug|ARM
		{BB03341D-61C5-48E1-A988-738A59EF4111}.Debug|ARM.Deploy.0 = Debug|ARM
		{BB03341D-61C5-48E1-A988-738A59EF4111}.Debug|iPhone.ActiveCfg = Debug|x86
		{BB03341D-61C5-48E1-A988-738A59EF4111}.Debug|iPhone.Build.0 = Debug|x86
		{BB03341D-61C5-48E1-A988-738A59EF4111}.Debug|iPhone.Deploy.0 = Debug|x86
		{BB03341D-61C5-48E1-A988-738A59EF4111}.Debug|iPhoneSimulator.ActiveCfg = Debug|x86
		{BB03341D-61C5-48E1-A988-738A59EF4111}.Debug|iPhoneSimulator.Build.0 = Debug|x86
		{BB03341D-61C5-48E1-A988-738A59EF4111}.Debug|iPhoneSimulator.Deploy.0 = Debug|x86
		{BB03341D-61C5-48E1-A988-738A59EF4111}.Debug|x64.ActiveCfg = Debug|x64
		{BB03341D-61C5-48E1-A988-738A59EF4111}.Debug|x64.Build.0 = Debug|x64
		{BB03341D-61C5-48E1-A988-738A59EF4111}.Debug|x64.Deploy.0 = Debug|x64
		{BB03341D-61C5-48E1-A988-738A59EF4111}.Debug|x86.ActiveCfg = Debug|x86
		{BB03341D-61C5-48E1-A988-738A59EF4111}.Debug|x86.Build.0 = Debug|x86
		{BB03341D-61C5-48E1-A988-738A59EF4111}.Debug|x86.Deploy.0 = Debug|x86
		{BB03341D-61C5-48E1-A988-738A59EF4111}.Release|Any CPU.ActiveCfg = Release|x86
		{BB03341D-61C5-48E1-A988-738A59EF4111}.Release|Any CPU.Build.0 = Release|x86
		{BB03341D-61C5-48E1-A988-738A59EF4111}.Release|Any CPU.Deploy.0 = Release|x86
		{BB03341D-61C5-48E1-A988-738A59EF4111}.Release|ARM.ActiveCfg = Release|ARM
		{BB03341D-61C5-48E1-A988-738A59EF4111}.Release|ARM.Build.0 = Release|ARM
		{BB03341D-61C5-48E1-A988-738A59EF4111}.Release|ARM.Deploy.0 = Release|ARM
		{BB03341D-61C5-48E1-A988-738A59EF4111}.Release|iPhone.ActiveCfg = Release|x86
		{BB03341D-61C5-48E1-A988-738A59EF4111}.Release|iPhone.Build.0 = Release|x86
		{BB03341D-61C5-48E1-A988-738A59EF4111}.Release|iPhone.Deploy.0 = Release|x86
		{BB03341D-61C5-48E1-A988-738A59EF4111}.Release|iPhoneSimulator.ActiveCfg = Release|x86
		{BB03341D-61C5-48E1-A988-738A59EF4111}.Release|iPhoneSimulator.Build.0 = Release|x86
		{BB03341D-61C5-48E1-A988-738A59EF4111}.Release|iPhoneSimulator.Deploy.0 = Release|x86
		{BB03341D-61C5-48E1-A988-738A59EF4111}.Release|x64.ActiveCfg = Release|x64
		{BB03341D-61C5-48E1-A988-738A59EF4111}.Release|x64.Build.0 = Release|x64
		{BB03341D-61C5-48E1-A988-738A59EF4111}.Release|x64.Deploy.0 = Release|x64
		{BB03341D-61C5-48E1-A988-738A59EF4111}.Release|x86.ActiveCfg = Release|x86
		{BB03341D-61C5-48E1-A988-738A59EF4111}.Release|x86.Build.0 = Release|x86
		{BB03341D-61C5-48E1-A988-738A59EF4111}.Release|x86.Deploy.0 = Release|x86
		{CEF20F52-BEF4-4FCA-964A-0A7B05E09436}.Ad-Hoc|Any CPU.ActiveCfg = Debug|Any CPU
		{CEF20F52-BEF4-4FCA-964A-0A7B05E09436}.Ad-Hoc|Any CPU.Build.0 = Debug|Any CPU
		{CEF20F52-BEF4-4FCA-964A-0A7B05E09436}.Ad-Hoc|Any CPU.Deploy.0 = Debug|Any CPU
		{CEF20F52-BEF4-4FCA-964A-0A7B05E09436}.Ad-Hoc|ARM.ActiveCfg = Debug|Any CPU
		{CEF20F52-BEF4-4FCA-964A-0A7B05E09436}.Ad-Hoc|ARM.Build.0 = Debug|Any CPU
		{CEF20F52-BEF4-4FCA-964A-0A7B05E09436}.Ad-Hoc|ARM.Deploy.0 = Debug|Any CPU
		{CEF20F52-BEF4-4FCA-964A-0A7B05E09436}.Ad-Hoc|iPhone.ActiveCfg = Debug|Any CPU
		{CEF20F52-BEF4-4FCA-964A-0A7B05E09436}.Ad-Hoc|iPhone.Build.0 = Debug|Any CPU
		{CEF20F52-BEF4-4FCA-964A-0A7B05E09436}.Ad-Hoc|iPhone.Deploy.0 = Debug|Any CPU
		{CEF20F52-BEF4-4FCA-964A-0A7B05E09436}.Ad-Hoc|iPhoneSimulator.ActiveCfg = Debug|Any CPU
		{CEF20F52-BEF4-4FCA-964A-0A7B05E09436}.Ad-Hoc|iPhoneSimulator.Build.0 = Debug|Any CPU
		{CEF20F52-BEF4-4FCA-964A-0A7B05E09436}.Ad-Hoc|iPhoneSimulator.Deploy.0 = Debug|Any CPU
		{CEF20F52-BEF4-4FCA-964A-0A7B05E09436}.Ad-Hoc|x64.ActiveCfg = Debug|Any CPU
		{CEF20F52-BEF4-4FCA-964A-0A7B05E09436}.Ad-Hoc|x64.Build.0 = Debug|Any CPU
		{CEF20F52-BEF4-4FCA-964A-0A7B05E09436}.Ad-Hoc|x64.Deploy.0 = Debug|Any CPU
		{CEF20F52-BEF4-4FCA-964A-0A7B05E09436}.Ad-Hoc|x86.ActiveCfg = Debug|Any CPU
		{CEF20F52-BEF4-4FCA-964A-0A7B05E09436}.Ad-Hoc|x86.Build.0 = Debug|Any CPU
		{CEF20F52-BEF4-4FCA-964A-0A7B05E09436}.Ad-Hoc|x86.Deploy.0 = Debug|Any CPU
		{CEF20F52-BEF4-4FCA-964A-0A7B05E09436}.AppStore|Any CPU.ActiveCfg = Debug|Any CPU
		{CEF20F52-BEF4-4FCA-964A-0A7B05E09436}.AppStore|Any CPU.Build.0 = Debug|Any CPU
		{CEF20F52-BEF4-4FCA-964A-0A7B05E09436}.AppStore|Any CPU.Deploy.0 = Debug|Any CPU
		{CEF20F52-BEF4-4FCA-964A-0A7B05E09436}.AppStore|ARM.ActiveCfg = Debug|Any CPU
		{CEF20F52-BEF4-4FCA-964A-0A7B05E09436}.AppStore|ARM.Build.0 = Debug|Any CPU
		{CEF20F52-BEF4-4FCA-964A-0A7B05E09436}.AppStore|ARM.Deploy.0 = Debug|Any CPU
		{CEF20F52-BEF4-4FCA-964A-0A7B05E09436}.AppStore|iPhone.ActiveCfg = Debug|Any CPU
		{CEF20F52-BEF4-4FCA-964A-0A7B05E09436}.AppStore|iPhone.Build.0 = Debug|Any CPU
		{CEF20F52-BEF4-4FCA-964A-0A7B05E09436}.AppStore|iPhone.Deploy.0 = Debug|Any CPU
		{CEF20F52-BEF4-4FCA-964A-0A7B05E09436}.AppStore|iPhoneSimulator.ActiveCfg = Debug|Any CPU
		{CEF20F52-BEF4-4FCA-964A-0A7B05E09436}.AppStore|iPhoneSimulator.Build.0 = Debug|Any CPU
		{CEF20F52-BEF4-4FCA-964A-0A7B05E09436}.AppStore|iPhoneSimulator.Deploy.0 = Debug|Any CPU
		{CEF20F52-BEF4-4FCA-964A-0A7B05E09436}.AppStore|x64.ActiveCfg = Debug|Any CPU
		{CEF20F52-BEF4-4FCA-964A-0A7B05E09436}.AppStore|x64.Build.0 = Debug|Any CPU
		{CEF20F52-BEF4-4FCA-964A-0A7B05E09436}.AppStore|x64.Deploy.0 = Debug|Any CPU
		{CEF20F52-BEF4-4FCA-964A-0A7B05E09436}.AppStore|x86.ActiveCfg = Debug|Any CPU
		{CEF20F52-BEF4-4FCA-964A-0A7B05E09436}.AppStore|x86.Build.0 = Debug|Any CPU
		{CEF20F52-BEF4-4FCA-964A-0A7B05E09436}.AppStore|x86.Deploy.0 = Debug|Any CPU
		{CEF20F52-BEF4-4FCA-964A-0A7B05E09436}.Debug|Any CPU.ActiveCfg = Debug|Any CPU
		{CEF20F52-BEF4-4FCA-964A-0A7B05E09436}.Debug|Any CPU.Build.0 = Debug|Any CPU
		{CEF20F52-BEF4-4FCA-964A-0A7B05E09436}.Debug|Any CPU.Deploy.0 = Debug|Any CPU
		{CEF20F52-BEF4-4FCA-964A-0A7B05E09436}.Debug|ARM.ActiveCfg = Debug|Any CPU
		{CEF20F52-BEF4-4FCA-964A-0A7B05E09436}.Debug|ARM.Build.0 = Debug|Any CPU
		{CEF20F52-BEF4-4FCA-964A-0A7B05E09436}.Debug|ARM.Deploy.0 = Debug|Any CPU
		{CEF20F52-BEF4-4FCA-964A-0A7B05E09436}.Debug|iPhone.ActiveCfg = Debug|Any CPU
		{CEF20F52-BEF4-4FCA-964A-0A7B05E09436}.Debug|iPhone.Build.0 = Debug|Any CPU
		{CEF20F52-BEF4-4FCA-964A-0A7B05E09436}.Debug|iPhone.Deploy.0 = Debug|Any CPU
		{CEF20F52-BEF4-4FCA-964A-0A7B05E09436}.Debug|iPhoneSimulator.ActiveCfg = Debug|Any CPU
		{CEF20F52-BEF4-4FCA-964A-0A7B05E09436}.Debug|iPhoneSimulator.Build.0 = Debug|Any CPU
		{CEF20F52-BEF4-4FCA-964A-0A7B05E09436}.Debug|iPhoneSimulator.Deploy.0 = Debug|Any CPU
		{CEF20F52-BEF4-4FCA-964A-0A7B05E09436}.Debug|x64.ActiveCfg = Debug|Any CPU
		{CEF20F52-BEF4-4FCA-964A-0A7B05E09436}.Debug|x64.Build.0 = Debug|Any CPU
		{CEF20F52-BEF4-4FCA-964A-0A7B05E09436}.Debug|x64.Deploy.0 = Debug|Any CPU
		{CEF20F52-BEF4-4FCA-964A-0A7B05E09436}.Debug|x86.ActiveCfg = Debug|Any CPU
		{CEF20F52-BEF4-4FCA-964A-0A7B05E09436}.Debug|x86.Build.0 = Debug|Any CPU
		{CEF20F52-BEF4-4FCA-964A-0A7B05E09436}.Debug|x86.Deploy.0 = Debug|Any CPU
		{CEF20F52-BEF4-4FCA-964A-0A7B05E09436}.Release|Any CPU.ActiveCfg = Release|Any CPU
		{CEF20F52-BEF4-4FCA-964A-0A7B05E09436}.Release|Any CPU.Build.0 = Release|Any CPU
		{CEF20F52-BEF4-4FCA-964A-0A7B05E09436}.Release|Any CPU.Deploy.0 = Release|Any CPU
		{CEF20F52-BEF4-4FCA-964A-0A7B05E09436}.Release|ARM.ActiveCfg = Release|Any CPU
		{CEF20F52-BEF4-4FCA-964A-0A7B05E09436}.Release|ARM.Build.0 = Release|Any CPU
		{CEF20F52-BEF4-4FCA-964A-0A7B05E09436}.Release|ARM.Deploy.0 = Release|Any CPU
		{CEF20F52-BEF4-4FCA-964A-0A7B05E09436}.Release|iPhone.ActiveCfg = Release|Any CPU
		{CEF20F52-BEF4-4FCA-964A-0A7B05E09436}.Release|iPhone.Build.0 = Release|Any CPU
		{CEF20F52-BEF4-4FCA-964A-0A7B05E09436}.Release|iPhone.Deploy.0 = Release|Any CPU
		{CEF20F52-BEF4-4FCA-964A-0A7B05E09436}.Release|iPhoneSimulator.ActiveCfg = Release|Any CPU
		{CEF20F52-BEF4-4FCA-964A-0A7B05E09436}.Release|iPhoneSimulator.Build.0 = Release|Any CPU
		{CEF20F52-BEF4-4FCA-964A-0A7B05E09436}.Release|iPhoneSimulator.Deploy.0 = Release|Any CPU
		{CEF20F52-BEF4-4FCA-964A-0A7B05E09436}.Release|x64.ActiveCfg = Release|Any CPU
		{CEF20F52-BEF4-4FCA-964A-0A7B05E09436}.Release|x64.Build.0 = Release|Any CPU
		{CEF20F52-BEF4-4FCA-964A-0A7B05E09436}.Release|x64.Deploy.0 = Release|Any CPU
		{CEF20F52-BEF4-4FCA-964A-0A7B05E09436}.Release|x86.ActiveCfg = Release|Any CPU
		{CEF20F52-BEF4-4FCA-964A-0A7B05E09436}.Release|x86.Build.0 = Release|Any CPU
		{CEF20F52-BEF4-4FCA-964A-0A7B05E09436}.Release|x86.Deploy.0 = Release|Any CPU
	EndGlobalSection
	GlobalSection(SolutionProperties) = preSolution
		HideSolutionNode = FALSE
	EndGlobalSection
	GlobalSection(ExtensibilityGlobals) = postSolution
		SolutionGuid = {F8032DF1-62F2-429B-A2D7-E355008C60A3}
	EndGlobalSection
EndGlobal
